
Microsoft Visual Studio Solution File, Format Version 12.00
# Visual Studio Version 17
VisualStudioVersion = 17.4.33122.133
MinimumVisualStudioVersion = 10.0.40219.1
Project("{9A19103F-16F7-4668-BE54-9A1E7A4F7556}") = "ProfileServices", "ProfileServices\ProfileServices.csproj", "{29CB260C-331D-4F9A-A0B3-26368DAD9B6B}"
EndProject
Project("{9A19103F-16F7-4668-BE54-9A1E7A4F7556}") = "ProfileServicesXUnit", "ProfileServicesXUnit\ProfileServicesXUnit.csproj", "{271206B7-4790-4E98-9E06-FFAEB6A314BE}"
	ProjectSection(ProjectDependencies) = postProject
		{29CB260C-331D-4F9A-A0B3-26368DAD9B6B} = {29CB260C-331D-4F9A-A0B3-26368DAD9B6B}
	EndProjectSection
EndProject
Global
	GlobalSection(SolutionConfigurationPlatforms) = preSolution
		Debug|Any CPU = Debug|Any CPU
		Release|Any CPU = Release|Any CPU
	EndGlobalSection
	GlobalSection(ProjectConfigurationPlatforms) = postSolution
		{29CB260C-331D-4F9A-A0B3-26368DAD9B6B}.Debug|Any CPU.ActiveCfg = Debug|Any CPU
		{29CB260C-331D-4F9A-A0B3-26368DAD9B6B}.Debug|Any CPU.Build.0 = Debug|Any CPU
		{29CB260C-331D-4F9A-A0B3-26368DAD9B6B}.Release|Any CPU.ActiveCfg = Release|Any CPU
		{29CB260C-331D-4F9A-A0B3-26368DAD9B6B}.Release|Any CPU.Build.0 = Release|Any CPU
		{271206B7-4790-4E98-9E06-FFAEB6A314BE}.Debug|Any CPU.ActiveCfg = Debug|Any CPU
		{271206B7-4790-4E98-9E06-FFAEB6A314BE}.Debug|Any CPU.Build.0 = Debug|Any CPU
		{271206B7-4790-4E98-9E06-FFAEB6A314BE}.Release|Any CPU.ActiveCfg = Release|Any CPU
		{271206B7-4790-4E98-9E06-FFAEB6A314BE}.Release|Any CPU.Build.0 = Release|Any CPU
	EndGlobalSection
	GlobalSection(SolutionProperties) = preSolution
		HideSolutionNode = FALSE
	EndGlobalSection
	GlobalSection(ExtensibilityGlobals) = postSolution
		SolutionGuid = {B32F0578-BA64-4C0D-8587-95525E44EB52}
	EndGlobalSection
EndGlobal
