
Microsoft Visual Studio Solution File, Format Version 12.00
# Visual Studio Version 17
VisualStudioVersion = 17.4.33122.133
MinimumVisualStudioVersion = 10.0.40219.1
Project("{FAE04EC0-301F-11D3-BF4B-00C04F79EFBC}") = "ProfileServices", "ProfileServices\ProfileServices.csproj", "{B7E6A218-9ECC-4235-9840-C13927D6BA09}"
EndProject
Project("{FAE04EC0-301F-11D3-BF4B-00C04F79EFBC}") = "ProfileServices.XUnit", "ProfileServices.XUnit\ProfileServices.XUnit.csproj", "{4BD5421E-402F-4A01-BAC2-DF3157431D3D}"
EndProject
Global
	GlobalSection(SolutionConfigurationPlatforms) = preSolution
		Debug|Any CPU = Debug|Any CPU
		Release|Any CPU = Release|Any CPU
	EndGlobalSection
	GlobalSection(ProjectConfigurationPlatforms) = postSolution
		{B7E6A218-9ECC-4235-9840-C13927D6BA09}.Debug|Any CPU.ActiveCfg = Debug|Any CPU
		{B7E6A218-9ECC-4235-9840-C13927D6BA09}.Debug|Any CPU.Build.0 = Debug|Any CPU
		{B7E6A218-9ECC-4235-9840-C13927D6BA09}.Release|Any CPU.ActiveCfg = Release|Any CPU
		{B7E6A218-9ECC-4235-9840-C13927D6BA09}.Release|Any CPU.Build.0 = Release|Any CPU
		{4BD5421E-402F-4A01-BAC2-DF3157431D3D}.Debug|Any CPU.ActiveCfg = Debug|Any CPU
		{4BD5421E-402F-4A01-BAC2-DF3157431D3D}.Debug|Any CPU.Build.0 = Debug|Any CPU
		{4BD5421E-402F-4A01-BAC2-DF3157431D3D}.Release|Any CPU.ActiveCfg = Release|Any CPU
		{4BD5421E-402F-4A01-BAC2-DF3157431D3D}.Release|Any CPU.Build.0 = Release|Any CPU
	EndGlobalSection
	GlobalSection(SolutionProperties) = preSolution
		HideSolutionNode = FALSE
	EndGlobalSection
	GlobalSection(ExtensibilityGlobals) = postSolution
		SolutionGuid = {B32F0578-BA64-4C0D-8587-95525E44EB52}
	EndGlobalSection
EndGlobal
